
Microsoft Visual Studio Solution File, Format Version 12.00
# Visual Studio Version 17
VisualStudioVersion = 17.13.35919.96 d17.13
MinimumVisualStudioVersion = 10.0.40219.1
Project("{FAE04EC0-301F-11D3-BF4B-00C04F79EFBC}") = "SmartBookApp", "SmartBookApp\SmartBookApp.csproj", "{6BA24FE3-0579-444E-9DA2-2658F9AA7193}"
EndProject
Global
	GlobalSection(SolutionConfigurationPlatforms) = preSolution
		Debug|Any CPU = Debug|Any CPU
		Release|Any CPU = Release|Any CPU
	EndGlobalSection
	GlobalSection(ProjectConfigurationPlatforms) = postSolution
		{6BA24FE3-0579-444E-9DA2-2658F9AA7193}.Debug|Any CPU.ActiveCfg = Debug|Any CPU
		{6BA24FE3-0579-444E-9DA2-2658F9AA7193}.Debug|Any CPU.Build.0 = Debug|Any CPU
		{6BA24FE3-0579-444E-9DA2-2658F9AA7193}.Release|Any CPU.ActiveCfg = Release|Any CPU
		{6BA24FE3-0579-444E-9DA2-2658F9AA7193}.Release|Any CPU.Build.0 = Release|Any CPU
	EndGlobalSection
	GlobalSection(SolutionProperties) = preSolution
		HideSolutionNode = FALSE
	EndGlobalSection
	GlobalSection(ExtensibilityGlobals) = postSolution
		SolutionGuid = {CA944A0E-A31A-4DF1-B497-87E64DB69759}
	EndGlobalSection
EndGlobal
